
Microsoft Visual Studio Solution File, Format Version 12.00
# Visual Studio Version 16
VisualStudioVersion = 16.0.29020.237
MinimumVisualStudioVersion = 10.0.40219.1
Project("{FAE04EC0-301F-11D3-BF4B-00C04F79EFBC}") = "SdCommonService", "SdCommonService\SdCommonService.csproj", "{4F6BBB48-3A50-46EC-B305-54D1735EEE9B}"
EndProject
Global
	GlobalSection(SolutionConfigurationPlatforms) = preSolution
		Debug|Any CPU = Debug|Any CPU
		Release|Any CPU = Release|Any CPU
	EndGlobalSection
	GlobalSection(ProjectConfigurationPlatforms) = postSolution
		{4F6BBB48-3A50-46EC-B305-54D1735EEE9B}.Debug|Any CPU.ActiveCfg = Debug|Any CPU
		{4F6BBB48-3A50-46EC-B305-54D1735EEE9B}.Debug|Any CPU.Build.0 = Debug|Any CPU
		{4F6BBB48-3A50-46EC-B305-54D1735EEE9B}.Release|Any CPU.ActiveCfg = Release|Any CPU
		{4F6BBB48-3A50-46EC-B305-54D1735EEE9B}.Release|Any CPU.Build.0 = Release|Any CPU
	EndGlobalSection
	GlobalSection(SolutionProperties) = preSolution
		HideSolutionNode = FALSE
	EndGlobalSection
	GlobalSection(ExtensibilityGlobals) = postSolution
		SolutionGuid = {E79E8FF4-818F-4723-82E4-BA8205912982}
	EndGlobalSection
EndGlobal
